// !$*UTF8*$!
{
	archiveVersion = 1;
	classes = {
	};
	objectVersion = 55;
	objects = {

/* Begin PBXBuildFile section */
		18B5DDC3274B93A20080221D /* MagicTool.framework in Frameworks */ = {isa = PBXBuildFile; fileRef = 18B5DDBA274B93A10080221D /* MagicTool.framework */; };
		18B5DDC8274B93A20080221D /* MagicToolTests.swift in Sources */ = {isa = PBXBuildFile; fileRef = 18B5DDC7274B93A20080221D /* MagicToolTests.swift */; };
		18B5DDC9274B93A20080221D /* MagicTool.h in Headers */ = {isa = PBXBuildFile; fileRef = 18B5DDBD274B93A10080221D /* MagicTool.h */; settings = {ATTRIBUTES = (Public, ); }; };
		18B5DDD3274B94080080221D /* MagicTool.swift in Sources */ = {isa = PBXBuildFile; fileRef = 18B5DDD2274B94080080221D /* MagicTool.swift */; };
		18B5DDD5274B945D0080221D /* PublicKeyGenerator.swift in Sources */ = {isa = PBXBuildFile; fileRef = 18B5DDD4274B945D0080221D /* PublicKeyGenerator.swift */; };
		18B5DDD7274B94CA0080221D /* MoneyBag.swift in Sources */ = {isa = PBXBuildFile; fileRef = 18B5DDD6274B94CA0080221D /* MoneyBag.swift */; };
		18B5DDD9274B94DF0080221D /* LocalStorage.swift in Sources */ = {isa = PBXBuildFile; fileRef = 18B5DDD8274B94DF0080221D /* LocalStorage.swift */; };
		18B5DE35274B95050080221D /* EllipticCurve.swift in Sources */ = {isa = PBXBuildFile; fileRef = 18B5DDDB274B95050080221D /* EllipticCurve.swift */; };
		18B5DE36274B95050080221D /* ECPublicKey.swift in Sources */ = {isa = PBXBuildFile; fileRef = 18B5DDDC274B95050080221D /* ECPublicKey.swift */; };
		18B5DE37274B95050080221D /* SwiftCrypto.swift in Sources */ = {isa = PBXBuildFile; fileRef = 18B5DDDD274B95050080221D /* SwiftCrypto.swift */; };
		18B5DE38274B95050080221D /* ECSignable.swift in Sources */ = {isa = PBXBuildFile; fileRef = 18B5DDDE274B95050080221D /* ECSignable.swift */; };
		18B5DE39274B95050080221D /* SSLPointerTricks.swift in Sources */ = {isa = PBXBuildFile; fileRef = 18B5DDDF274B95050080221D /* SSLPointerTricks.swift */; };
		18B5DE3A274B95050080221D /* ECError.swift in Sources */ = {isa = PBXBuildFile; fileRef = 18B5DDE0274B95050080221D /* ECError.swift */; };
		18B5DE3B274B95050080221D /* ECPrivateKey.swift in Sources */ = {isa = PBXBuildFile; fileRef = 18B5DDE1274B95050080221D /* ECPrivateKey.swift */; };
		18B5DE3C274B95050080221D /* ECDecryptable.swift in Sources */ = {isa = PBXBuildFile; fileRef = 18B5DDE2274B95050080221D /* ECDecryptable.swift */; };
		18B5DE3D274B95050080221D /* Data+Extensions.swift in Sources */ = {isa = PBXBuildFile; fileRef = 18B5DDE3274B95050080221D /* Data+Extensions.swift */; };
		18B5DE3E274B95050080221D /* ASN1.swift in Sources */ = {isa = PBXBuildFile; fileRef = 18B5DDE4274B95050080221D /* ASN1.swift */; };
		18B5DE3F274B95050080221D /* ECSignature.swift in Sources */ = {isa = PBXBuildFile; fileRef = 18B5DDE5274B95050080221D /* ECSignature.swift */; };
		18B5DE40274B95050080221D /* ECEncryptable.swift in Sources */ = {isa = PBXBuildFile; fileRef = 18B5DDE6274B95050080221D /* ECEncryptable.swift */; };
		18B5DE41274B95050080221D /* AES.swift in Sources */ = {isa = PBXBuildFile; fileRef = 18B5DDE8274B95050080221D /* AES.swift */; };
		18B5DE42274B95050080221D /* String+FoundationExtension.swift in Sources */ = {isa = PBXBuildFile; fileRef = 18B5DDE9274B95050080221D /* String+FoundationExtension.swift */; };
		18B5DE43274B95050080221D /* BlockModeOptions.swift in Sources */ = {isa = PBXBuildFile; fileRef = 18B5DDEA274B95050080221D /* BlockModeOptions.swift */; };
		18B5DE44274B95050080221D /* StreamDecryptor.swift in Sources */ = {isa = PBXBuildFile; fileRef = 18B5DDEB274B95050080221D /* StreamDecryptor.swift */; };
		18B5DE45274B95050080221D /* BlockEncryptor.swift in Sources */ = {isa = PBXBuildFile; fileRef = 18B5DDEC274B95050080221D /* BlockEncryptor.swift */; };
		18B5DE46274B95050080221D /* OCB.swift in Sources */ = {isa = PBXBuildFile; fileRef = 18B5DDED274B95050080221D /* OCB.swift */; };
		18B5DE47274B95050080221D /* UInt64+Extension.swift in Sources */ = {isa = PBXBuildFile; fileRef = 18B5DDEE274B95050080221D /* UInt64+Extension.swift */; };
		18B5DE48274B95050080221D /* Cryptors.swift in Sources */ = {isa = PBXBuildFile; fileRef = 18B5DDEF274B95050080221D /* Cryptors.swift */; };
		18B5DE49274B95050080221D /* HKDF.swift in Sources */ = {isa = PBXBuildFile; fileRef = 18B5DDF0274B95050080221D /* HKDF.swift */; };
		18B5DE4A274B95050080221D /* PKCS7Padding.swift in Sources */ = {isa = PBXBuildFile; fileRef = 18B5DDF1274B95050080221D /* PKCS7Padding.swift */; };
		18B5DE4B274B95050080221D /* CFB.swift in Sources */ = {isa = PBXBuildFile; fileRef = 18B5DDF2274B95050080221D /* CFB.swift */; };
		18B5DE4C274B95050080221D /* ISO10126Padding.swift in Sources */ = {isa = PBXBuildFile; fileRef = 18B5DDF3274B95050080221D /* ISO10126Padding.swift */; };
		18B5DE4D274B95050080221D /* Cipher.swift in Sources */ = {isa = PBXBuildFile; fileRef = 18B5DDF4274B95050080221D /* Cipher.swift */; };
		18B5DE4E274B95050080221D /* CBCMAC.swift in Sources */ = {isa = PBXBuildFile; fileRef = 18B5DDF5274B95050080221D /* CBCMAC.swift */; };
		18B5DE4F274B95050080221D /* Int+Extension.swift in Sources */ = {isa = PBXBuildFile; fileRef = 18B5DDF6274B95050080221D /* Int+Extension.swift */; };
		18B5DE50274B95050080221D /* AES.Cryptors.swift in Sources */ = {isa = PBXBuildFile; fileRef = 18B5DDF7274B95050080221D /* AES.Cryptors.swift */; };
		18B5DE51274B95050080221D /* Bit.swift in Sources */ = {isa = PBXBuildFile; fileRef = 18B5DDF8274B95050080221D /* Bit.swift */; };
		18B5DE52274B95050080221D /* HMAC.swift in Sources */ = {isa = PBXBuildFile; fileRef = 18B5DDF9274B95050080221D /* HMAC.swift */; };
		18B5DE53274B95050080221D /* CBC.swift in Sources */ = {isa = PBXBuildFile; fileRef = 18B5DDFA274B95050080221D /* CBC.swift */; };
		18B5DE54274B95050080221D /* CMAC.swift in Sources */ = {isa = PBXBuildFile; fileRef = 18B5DDFB274B95050080221D /* CMAC.swift */; };
		18B5DE55274B95050080221D /* UInt16+Extension.swift in Sources */ = {isa = PBXBuildFile; fileRef = 18B5DDFC274B95050080221D /* UInt16+Extension.swift */; };
		18B5DE56274B95050080221D /* Collection+Extension.swift in Sources */ = {isa = PBXBuildFile; fileRef = 18B5DDFD274B95050080221D /* Collection+Extension.swift */; };
		18B5DE57274B95050080221D /* UInt32+Extension.swift in Sources */ = {isa = PBXBuildFile; fileRef = 18B5DDFE274B95050080221D /* UInt32+Extension.swift */; };
		18B5DE58274B95050080221D /* Digest.swift in Sources */ = {isa = PBXBuildFile; fileRef = 18B5DDFF274B95050080221D /* Digest.swift */; };
		18B5DE59274B95050080221D /* UInt128.swift in Sources */ = {isa = PBXBuildFile; fileRef = 18B5DE00274B95050080221D /* UInt128.swift */; };
		18B5DE5A274B95050080221D /* ECB.swift in Sources */ = {isa = PBXBuildFile; fileRef = 18B5DE01274B95050080221D /* ECB.swift */; };
		18B5DE5B274B95050080221D /* CCM.swift in Sources */ = {isa = PBXBuildFile; fileRef = 18B5DE02274B95050080221D /* CCM.swift */; };
		18B5DE5C274B95050080221D /* Scrypt.swift in Sources */ = {isa = PBXBuildFile; fileRef = 18B5DE03274B95050080221D /* Scrypt.swift */; };
		18B5DE5D274B95050080221D /* PCBC.swift in Sources */ = {isa = PBXBuildFile; fileRef = 18B5DE04274B95050080221D /* PCBC.swift */; };
		18B5DE5E274B95050080221D /* NoPadding.swift in Sources */ = {isa = PBXBuildFile; fileRef = 18B5DE05274B95050080221D /* NoPadding.swift */; };
		18B5DE5F274B95050080221D /* UInt8+Extension.swift in Sources */ = {isa = PBXBuildFile; fileRef = 18B5DE06274B95050080221D /* UInt8+Extension.swift */; };
		18B5DE60274B95050080221D /* MD5.swift in Sources */ = {isa = PBXBuildFile; fileRef = 18B5DE07274B95050080221D /* MD5.swift */; };
		18B5DE61274B95050080221D /* Cryptor.swift in Sources */ = {isa = PBXBuildFile; fileRef = 18B5DE08274B95050080221D /* Cryptor.swift */; };
		18B5DE62274B95050080221D /* CompactMap.swift in Sources */ = {isa = PBXBuildFile; fileRef = 18B5DE09274B95050080221D /* CompactMap.swift */; };
		18B5DE63274B95050080221D /* BatchedCollection.swift in Sources */ = {isa = PBXBuildFile; fileRef = 18B5DE0A274B95050080221D /* BatchedCollection.swift */; };
		18B5DE64274B95050080221D /* Blowfish+Foundation.swift in Sources */ = {isa = PBXBuildFile; fileRef = 18B5DE0B274B95050080221D /* Blowfish+Foundation.swift */; };
		18B5DE65274B95050080221D /* ISO78164Padding.swift in Sources */ = {isa = PBXBuildFile; fileRef = 18B5DE0C274B95050080221D /* ISO78164Padding.swift */; };
		18B5DE66274B95050080221D /* SecureBytes.swift in Sources */ = {isa = PBXBuildFile; fileRef = 18B5DE0D274B95050080221D /* SecureBytes.swift */; };
		18B5DE67274B95050080221D /* ZeroPadding.swift in Sources */ = {isa = PBXBuildFile; fileRef = 18B5DE0E274B95050080221D /* ZeroPadding.swift */; };
		18B5DE68274B95050080221D /* String+Extension.swift in Sources */ = {isa = PBXBuildFile; fileRef = 18B5DE0F274B95050080221D /* String+Extension.swift */; };
		18B5DE69274B95050080221D /* Authenticator.swift in Sources */ = {isa = PBXBuildFile; fileRef = 18B5DE10274B95050080221D /* Authenticator.swift */; };
		18B5DE6A274B95050080221D /* SHA3.swift in Sources */ = {isa = PBXBuildFile; fileRef = 18B5DE11274B95050080221D /* SHA3.swift */; };
		18B5DE6B274B95050080221D /* Operators.swift in Sources */ = {isa = PBXBuildFile; fileRef = 18B5DE12274B95050080221D /* Operators.swift */; };
		18B5DE6C274B95050080221D /* Utils+Foundation.swift in Sources */ = {isa = PBXBuildFile; fileRef = 18B5DE13274B95050080221D /* Utils+Foundation.swift */; };
		18B5DE6D274B95050080221D /* PKCS5.swift in Sources */ = {isa = PBXBuildFile; fileRef = 18B5DE14274B95050080221D /* PKCS5.swift */; };
		18B5DE6E274B95050080221D /* BlockMode.swift in Sources */ = {isa = PBXBuildFile; fileRef = 18B5DE15274B95050080221D /* BlockMode.swift */; };
		18B5DE6F274B95050080221D /* Rabbit.swift in Sources */ = {isa = PBXBuildFile; fileRef = 18B5DE16274B95050080221D /* Rabbit.swift */; };
		18B5DE70274B95050080221D /* PKCS7.swift in Sources */ = {isa = PBXBuildFile; fileRef = 18B5DE17274B95050080221D /* PKCS7.swift */; };
		18B5DE71274B95050080221D /* SHA1.swift in Sources */ = {isa = PBXBuildFile; fileRef = 18B5DE18274B95050080221D /* SHA1.swift */; };
		18B5DE72274B95050080221D /* Poly1305.swift in Sources */ = {isa = PBXBuildFile; fileRef = 18B5DE19274B95050080221D /* Poly1305.swift */; };
		18B5DE73274B95050080221D /* BlockCipher.swift in Sources */ = {isa = PBXBuildFile; fileRef = 18B5DE1A274B95050080221D /* BlockCipher.swift */; };
		18B5DE74274B95050080221D /* GCM.swift in Sources */ = {isa = PBXBuildFile; fileRef = 18B5DE1B274B95050080221D /* GCM.swift */; };
		18B5DE75274B95050080221D /* Updatable.swift in Sources */ = {isa = PBXBuildFile; fileRef = 18B5DE1C274B95050080221D /* Updatable.swift */; };
		18B5DE76274B95050080221D /* PBKDF2.swift in Sources */ = {isa = PBXBuildFile; fileRef = 18B5DE1D274B95050080221D /* PBKDF2.swift */; };
		18B5DE77274B95050080221D /* Blowfish.swift in Sources */ = {isa = PBXBuildFile; fileRef = 18B5DE1E274B95050080221D /* Blowfish.swift */; };
		18B5DE78274B95050080221D /* BlockDecryptor.swift in Sources */ = {isa = PBXBuildFile; fileRef = 18B5DE1F274B95050080221D /* BlockDecryptor.swift */; };
		18B5DE79274B95050080221D /* HMAC+Foundation.swift in Sources */ = {isa = PBXBuildFile; fileRef = 18B5DE20274B95050080221D /* HMAC+Foundation.swift */; };
		18B5DE7A274B95050080221D /* StreamEncryptor.swift in Sources */ = {isa = PBXBuildFile; fileRef = 18B5DE21274B95050080221D /* StreamEncryptor.swift */; };
		18B5DE7B274B95050080221D /* CipherModeWorker.swift in Sources */ = {isa = PBXBuildFile; fileRef = 18B5DE22274B95050080221D /* CipherModeWorker.swift */; };
		18B5DE7C274B95050080221D /* Data+Extension.swift in Sources */ = {isa = PBXBuildFile; fileRef = 18B5DE23274B95050080221D /* Data+Extension.swift */; };
		18B5DE7D274B95050080221D /* DigestType.swift in Sources */ = {isa = PBXBuildFile; fileRef = 18B5DE24274B95050080221D /* DigestType.swift */; };
		18B5DE7E274B95050080221D /* ChaCha20+Foundation.swift in Sources */ = {isa = PBXBuildFile; fileRef = 18B5DE25274B95050080221D /* ChaCha20+Foundation.swift */; };
		18B5DE7F274B95050080221D /* Utils.swift in Sources */ = {isa = PBXBuildFile; fileRef = 18B5DE26274B95050080221D /* Utils.swift */; };
		18B5DE80274B95050080221D /* CTR.swift in Sources */ = {isa = PBXBuildFile; fileRef = 18B5DE27274B95050080221D /* CTR.swift */; };
		18B5DE81274B95050080221D /* AEADChaCha20Poly1305.swift in Sources */ = {isa = PBXBuildFile; fileRef = 18B5DE28274B95050080221D /* AEADChaCha20Poly1305.swift */; };
		18B5DE82274B95050080221D /* Generics.swift in Sources */ = {isa = PBXBuildFile; fileRef = 18B5DE29274B95050080221D /* Generics.swift */; };
		18B5DE83274B95050080221D /* Checksum.swift in Sources */ = {isa = PBXBuildFile; fileRef = 18B5DE2A274B95050080221D /* Checksum.swift */; };
		18B5DE84274B95050080221D /* SHA2.swift in Sources */ = {isa = PBXBuildFile; fileRef = 18B5DE2B274B95050080221D /* SHA2.swift */; };
		18B5DE85274B95050080221D /* Padding.swift in Sources */ = {isa = PBXBuildFile; fileRef = 18B5DE2C274B95050080221D /* Padding.swift */; };
		18B5DE86274B95050080221D /* AEAD.swift in Sources */ = {isa = PBXBuildFile; fileRef = 18B5DE2D274B95050080221D /* AEAD.swift */; };
		18B5DE87274B95050080221D /* Array+Foundation.swift in Sources */ = {isa = PBXBuildFile; fileRef = 18B5DE2E274B95050080221D /* Array+Foundation.swift */; };
		18B5DE88274B95050080221D /* PBKDF1.swift in Sources */ = {isa = PBXBuildFile; fileRef = 18B5DE2F274B95050080221D /* PBKDF1.swift */; };
		18B5DE89274B95050080221D /* ChaCha20.swift in Sources */ = {isa = PBXBuildFile; fileRef = 18B5DE30274B95050080221D /* ChaCha20.swift */; };
		18B5DE8A274B95050080221D /* AES+Foundation.swift in Sources */ = {isa = PBXBuildFile; fileRef = 18B5DE31274B95050080221D /* AES+Foundation.swift */; };
		18B5DE8B274B95050080221D /* Rabbit+Foundation.swift in Sources */ = {isa = PBXBuildFile; fileRef = 18B5DE32274B95050080221D /* Rabbit+Foundation.swift */; };
		18B5DE8C274B95050080221D /* OFB.swift in Sources */ = {isa = PBXBuildFile; fileRef = 18B5DE33274B95050080221D /* OFB.swift */; };
		18B5DE8D274B95050080221D /* Array+Extension.swift in Sources */ = {isa = PBXBuildFile; fileRef = 18B5DE34274B95050080221D /* Array+Extension.swift */; };
		18B5DE8F274BA0400080221D /* InstructionDataSign.swift in Sources */ = {isa = PBXBuildFile; fileRef = 18B5DE8E274BA0400080221D /* InstructionDataSign.swift */; };
		18B5DE94274BA0BA0080221D /* DecryptKey.swift in Sources */ = {isa = PBXBuildFile; fileRef = 18B5DE90274BA0BA0080221D /* DecryptKey.swift */; };
		18B5DE95274BA0BA0080221D /* ConvertTool.swift in Sources */ = {isa = PBXBuildFile; fileRef = 18B5DE91274BA0BA0080221D /* ConvertTool.swift */; };
		18B5DE96274BA0BA0080221D /* GenerateOtp.swift in Sources */ = {isa = PBXBuildFile; fileRef = 18B5DE92274BA0BA0080221D /* GenerateOtp.swift */; };
		18B5DE97274BA0BA0080221D /* ExtensionFunction.swift in Sources */ = {isa = PBXBuildFile; fileRef = 18B5DE93274BA0BA0080221D /* ExtensionFunction.swift */; };
		18B5DE9C274BA0FC0080221D /* SignValueVerify.swift in Sources */ = {isa = PBXBuildFile; fileRef = 18B5DE98274BA0FB0080221D /* SignValueVerify.swift */; };
		18B5DE9D274BA0FC0080221D /* QRcodeGenerate.swift in Sources */ = {isa = PBXBuildFile; fileRef = 18B5DE99274BA0FB0080221D /* QRcodeGenerate.swift */; };
		18B5DE9E274BA0FC0080221D /* StoreModel.swift in Sources */ = {isa = PBXBuildFile; fileRef = 18B5DE9A274BA0FC0080221D /* StoreModel.swift */; };
		18B5DE9F274BA0FC0080221D /* SaveHMACSKeyInLocal.swift in Sources */ = {isa = PBXBuildFile; fileRef = 18B5DE9B274BA0FC0080221D /* SaveHMACSKeyInLocal.swift */; };
/* End PBXBuildFile section */

/* Begin PBXContainerItemProxy section */
		18B5DDC4274B93A20080221D /* PBXContainerItemProxy */ = {
			isa = PBXContainerItemProxy;
			containerPortal = 18B5DDB1274B93A10080221D /* Project object */;
			proxyType = 1;
			remoteGlobalIDString = 18B5DDB9274B93A10080221D;
			remoteInfo = MagicTool;
		};
/* End PBXContainerItemProxy section */

/* Begin PBXFileReference section */
		18B5DDBA274B93A10080221D /* MagicTool.framework */ = {isa = PBXFileReference; explicitFileType = wrapper.framework; includeInIndex = 0; path = MagicTool.framework; sourceTree = BUILT_PRODUCTS_DIR; };
		18B5DDBD274B93A10080221D /* MagicTool.h */ = {isa = PBXFileReference; lastKnownFileType = sourcecode.c.h; path = MagicTool.h; sourceTree = "<group>"; };
		18B5DDC2274B93A20080221D /* MagicToolTests.xctest */ = {isa = PBXFileReference; explicitFileType = wrapper.cfbundle; includeInIndex = 0; path = MagicToolTests.xctest; sourceTree = BUILT_PRODUCTS_DIR; };
		18B5DDC7274B93A20080221D /* MagicToolTests.swift */ = {isa = PBXFileReference; lastKnownFileType = sourcecode.swift; path = MagicToolTests.swift; sourceTree = "<group>"; };
		18B5DDD2274B94080080221D /* MagicTool.swift */ = {isa = PBXFileReference; lastKnownFileType = sourcecode.swift; path = MagicTool.swift; sourceTree = "<group>"; };
		18B5DDD4274B945D0080221D /* PublicKeyGenerator.swift */ = {isa = PBXFileReference; lastKnownFileType = sourcecode.swift; path = PublicKeyGenerator.swift; sourceTree = "<group>"; };
		18B5DDD6274B94CA0080221D /* MoneyBag.swift */ = {isa = PBXFileReference; fileEncoding = 4; lastKnownFileType = sourcecode.swift; path = MoneyBag.swift; sourceTree = "<group>"; };
		18B5DDD8274B94DF0080221D /* LocalStorage.swift */ = {isa = PBXFileReference; fileEncoding = 4; lastKnownFileType = sourcecode.swift; path = LocalStorage.swift; sourceTree = "<group>"; };
		18B5DDDB274B95050080221D /* EllipticCurve.swift */ = {isa = PBXFileReference; fileEncoding = 4; lastKnownFileType = sourcecode.swift; path = EllipticCurve.swift; sourceTree = "<group>"; };
		18B5DDDC274B95050080221D /* ECPublicKey.swift */ = {isa = PBXFileReference; fileEncoding = 4; lastKnownFileType = sourcecode.swift; path = ECPublicKey.swift; sourceTree = "<group>"; };
		18B5DDDD274B95050080221D /* SwiftCrypto.swift */ = {isa = PBXFileReference; fileEncoding = 4; lastKnownFileType = sourcecode.swift; path = SwiftCrypto.swift; sourceTree = "<group>"; };
		18B5DDDE274B95050080221D /* ECSignable.swift */ = {isa = PBXFileReference; fileEncoding = 4; lastKnownFileType = sourcecode.swift; path = ECSignable.swift; sourceTree = "<group>"; };
		18B5DDDF274B95050080221D /* SSLPointerTricks.swift */ = {isa = PBXFileReference; fileEncoding = 4; lastKnownFileType = sourcecode.swift; path = SSLPointerTricks.swift; sourceTree = "<group>"; };
		18B5DDE0274B95050080221D /* ECError.swift */ = {isa = PBXFileReference; fileEncoding = 4; lastKnownFileType = sourcecode.swift; path = ECError.swift; sourceTree = "<group>"; };
		18B5DDE1274B95050080221D /* ECPrivateKey.swift */ = {isa = PBXFileReference; fileEncoding = 4; lastKnownFileType = sourcecode.swift; path = ECPrivateKey.swift; sourceTree = "<group>"; };
		18B5DDE2274B95050080221D /* ECDecryptable.swift */ = {isa = PBXFileReference; fileEncoding = 4; lastKnownFileType = sourcecode.swift; path = ECDecryptable.swift; sourceTree = "<group>"; };
		18B5DDE3274B95050080221D /* Data+Extensions.swift */ = {isa = PBXFileReference; fileEncoding = 4; lastKnownFileType = sourcecode.swift; path = "Data+Extensions.swift"; sourceTree = "<group>"; };
		18B5DDE4274B95050080221D /* ASN1.swift */ = {isa = PBXFileReference; fileEncoding = 4; lastKnownFileType = sourcecode.swift; path = ASN1.swift; sourceTree = "<group>"; };
		18B5DDE5274B95050080221D /* ECSignature.swift */ = {isa = PBXFileReference; fileEncoding = 4; lastKnownFileType = sourcecode.swift; path = ECSignature.swift; sourceTree = "<group>"; };
		18B5DDE6274B95050080221D /* ECEncryptable.swift */ = {isa = PBXFileReference; fileEncoding = 4; lastKnownFileType = sourcecode.swift; path = ECEncryptable.swift; sourceTree = "<group>"; };
		18B5DDE8274B95050080221D /* AES.swift */ = {isa = PBXFileReference; fileEncoding = 4; lastKnownFileType = sourcecode.swift; path = AES.swift; sourceTree = "<group>"; };
		18B5DDE9274B95050080221D /* String+FoundationExtension.swift */ = {isa = PBXFileReference; fileEncoding = 4; lastKnownFileType = sourcecode.swift; path = "String+FoundationExtension.swift"; sourceTree = "<group>"; };
		18B5DDEA274B95050080221D /* BlockModeOptions.swift */ = {isa = PBXFileReference; fileEncoding = 4; lastKnownFileType = sourcecode.swift; path = BlockModeOptions.swift; sourceTree = "<group>"; };
		18B5DDEB274B95050080221D /* StreamDecryptor.swift */ = {isa = PBXFileReference; fileEncoding = 4; lastKnownFileType = sourcecode.swift; path = StreamDecryptor.swift; sourceTree = "<group>"; };
		18B5DDEC274B95050080221D /* BlockEncryptor.swift */ = {isa = PBXFileReference; fileEncoding = 4; lastKnownFileType = sourcecode.swift; path = BlockEncryptor.swift; sourceTree = "<group>"; };
		18B5DDED274B95050080221D /* OCB.swift */ = {isa = PBXFileReference; fileEncoding = 4; lastKnownFileType = sourcecode.swift; path = OCB.swift; sourceTree = "<group>"; };
		18B5DDEE274B95050080221D /* UInt64+Extension.swift */ = {isa = PBXFileReference; fileEncoding = 4; lastKnownFileType = sourcecode.swift; path = "UInt64+Extension.swift"; sourceTree = "<group>"; };
		18B5DDEF274B95050080221D /* Cryptors.swift */ = {isa = PBXFileReference; fileEncoding = 4; lastKnownFileType = sourcecode.swift; path = Cryptors.swift; sourceTree = "<group>"; };
		18B5DDF0274B95050080221D /* HKDF.swift */ = {isa = PBXFileReference; fileEncoding = 4; lastKnownFileType = sourcecode.swift; path = HKDF.swift; sourceTree = "<group>"; };
		18B5DDF1274B95050080221D /* PKCS7Padding.swift */ = {isa = PBXFileReference; fileEncoding = 4; lastKnownFileType = sourcecode.swift; path = PKCS7Padding.swift; sourceTree = "<group>"; };
		18B5DDF2274B95050080221D /* CFB.swift */ = {isa = PBXFileReference; fileEncoding = 4; lastKnownFileType = sourcecode.swift; path = CFB.swift; sourceTree = "<group>"; };
		18B5DDF3274B95050080221D /* ISO10126Padding.swift */ = {isa = PBXFileReference; fileEncoding = 4; lastKnownFileType = sourcecode.swift; path = ISO10126Padding.swift; sourceTree = "<group>"; };
		18B5DDF4274B95050080221D /* Cipher.swift */ = {isa = PBXFileReference; fileEncoding = 4; lastKnownFileType = sourcecode.swift; path = Cipher.swift; sourceTree = "<group>"; };
		18B5DDF5274B95050080221D /* CBCMAC.swift */ = {isa = PBXFileReference; fileEncoding = 4; lastKnownFileType = sourcecode.swift; path = CBCMAC.swift; sourceTree = "<group>"; };
		18B5DDF6274B95050080221D /* Int+Extension.swift */ = {isa = PBXFileReference; fileEncoding = 4; lastKnownFileType = sourcecode.swift; path = "Int+Extension.swift"; sourceTree = "<group>"; };
		18B5DDF7274B95050080221D /* AES.Cryptors.swift */ = {isa = PBXFileReference; fileEncoding = 4; lastKnownFileType = sourcecode.swift; path = AES.Cryptors.swift; sourceTree = "<group>"; };
		18B5DDF8274B95050080221D /* Bit.swift */ = {isa = PBXFileReference; fileEncoding = 4; lastKnownFileType = sourcecode.swift; path = Bit.swift; sourceTree = "<group>"; };
		18B5DDF9274B95050080221D /* HMAC.swift */ = {isa = PBXFileReference; fileEncoding = 4; lastKnownFileType = sourcecode.swift; path = HMAC.swift; sourceTree = "<group>"; };
		18B5DDFA274B95050080221D /* CBC.swift */ = {isa = PBXFileReference; fileEncoding = 4; lastKnownFileType = sourcecode.swift; path = CBC.swift; sourceTree = "<group>"; };
		18B5DDFB274B95050080221D /* CMAC.swift */ = {isa = PBXFileReference; fileEncoding = 4; lastKnownFileType = sourcecode.swift; path = CMAC.swift; sourceTree = "<group>"; };
		18B5DDFC274B95050080221D /* UInt16+Extension.swift */ = {isa = PBXFileReference; fileEncoding = 4; lastKnownFileType = sourcecode.swift; path = "UInt16+Extension.swift"; sourceTree = "<group>"; };
		18B5DDFD274B95050080221D /* Collection+Extension.swift */ = {isa = PBXFileReference; fileEncoding = 4; lastKnownFileType = sourcecode.swift; path = "Collection+Extension.swift"; sourceTree = "<group>"; };
		18B5DDFE274B95050080221D /* UInt32+Extension.swift */ = {isa = PBXFileReference; fileEncoding = 4; lastKnownFileType = sourcecode.swift; path = "UInt32+Extension.swift"; sourceTree = "<group>"; };
		18B5DDFF274B95050080221D /* Digest.swift */ = {isa = PBXFileReference; fileEncoding = 4; lastKnownFileType = sourcecode.swift; path = Digest.swift; sourceTree = "<group>"; };
		18B5DE00274B95050080221D /* UInt128.swift */ = {isa = PBXFileReference; fileEncoding = 4; lastKnownFileType = sourcecode.swift; path = UInt128.swift; sourceTree = "<group>"; };
		18B5DE01274B95050080221D /* ECB.swift */ = {isa = PBXFileReference; fileEncoding = 4; lastKnownFileType = sourcecode.swift; path = ECB.swift; sourceTree = "<group>"; };
		18B5DE02274B95050080221D /* CCM.swift */ = {isa = PBXFileReference; fileEncoding = 4; lastKnownFileType = sourcecode.swift; path = CCM.swift; sourceTree = "<group>"; };
		18B5DE03274B95050080221D /* Scrypt.swift */ = {isa = PBXFileReference; fileEncoding = 4; lastKnownFileType = sourcecode.swift; path = Scrypt.swift; sourceTree = "<group>"; };
		18B5DE04274B95050080221D /* PCBC.swift */ = {isa = PBXFileReference; fileEncoding = 4; lastKnownFileType = sourcecode.swift; path = PCBC.swift; sourceTree = "<group>"; };
		18B5DE05274B95050080221D /* NoPadding.swift */ = {isa = PBXFileReference; fileEncoding = 4; lastKnownFileType = sourcecode.swift; path = NoPadding.swift; sourceTree = "<group>"; };
		18B5DE06274B95050080221D /* UInt8+Extension.swift */ = {isa = PBXFileReference; fileEncoding = 4; lastKnownFileType = sourcecode.swift; path = "UInt8+Extension.swift"; sourceTree = "<group>"; };
		18B5DE07274B95050080221D /* MD5.swift */ = {isa = PBXFileReference; fileEncoding = 4; lastKnownFileType = sourcecode.swift; path = MD5.swift; sourceTree = "<group>"; };
		18B5DE08274B95050080221D /* Cryptor.swift */ = {isa = PBXFileReference; fileEncoding = 4; lastKnownFileType = sourcecode.swift; path = Cryptor.swift; sourceTree = "<group>"; };
		18B5DE09274B95050080221D /* CompactMap.swift */ = {isa = PBXFileReference; fileEncoding = 4; lastKnownFileType = sourcecode.swift; path = CompactMap.swift; sourceTree = "<group>"; };
		18B5DE0A274B95050080221D /* BatchedCollection.swift */ = {isa = PBXFileReference; fileEncoding = 4; lastKnownFileType = sourcecode.swift; path = BatchedCollection.swift; sourceTree = "<group>"; };
		18B5DE0B274B95050080221D /* Blowfish+Foundation.swift */ = {isa = PBXFileReference; fileEncoding = 4; lastKnownFileType = sourcecode.swift; path = "Blowfish+Foundation.swift"; sourceTree = "<group>"; };
		18B5DE0C274B95050080221D /* ISO78164Padding.swift */ = {isa = PBXFileReference; fileEncoding = 4; lastKnownFileType = sourcecode.swift; path = ISO78164Padding.swift; sourceTree = "<group>"; };
		18B5DE0D274B95050080221D /* SecureBytes.swift */ = {isa = PBXFileReference; fileEncoding = 4; lastKnownFileType = sourcecode.swift; path = SecureBytes.swift; sourceTree = "<group>"; };
		18B5DE0E274B95050080221D /* ZeroPadding.swift */ = {isa = PBXFileReference; fileEncoding = 4; lastKnownFileType = sourcecode.swift; path = ZeroPadding.swift; sourceTree = "<group>"; };
		18B5DE0F274B95050080221D /* String+Extension.swift */ = {isa = PBXFileReference; fileEncoding = 4; lastKnownFileType = sourcecode.swift; path = "String+Extension.swift"; sourceTree = "<group>"; };
		18B5DE10274B95050080221D /* Authenticator.swift */ = {isa = PBXFileReference; fileEncoding = 4; lastKnownFileType = sourcecode.swift; path = Authenticator.swift; sourceTree = "<group>"; };
		18B5DE11274B95050080221D /* SHA3.swift */ = {isa = PBXFileReference; fileEncoding = 4; lastKnownFileType = sourcecode.swift; path = SHA3.swift; sourceTree = "<group>"; };
		18B5DE12274B95050080221D /* Operators.swift */ = {isa = PBXFileReference; fileEncoding = 4; lastKnownFileType = sourcecode.swift; path = Operators.swift; sourceTree = "<group>"; };
		18B5DE13274B95050080221D /* Utils+Foundation.swift */ = {isa = PBXFileReference; fileEncoding = 4; lastKnownFileType = sourcecode.swift; path = "Utils+Foundation.swift"; sourceTree = "<group>"; };
		18B5DE14274B95050080221D /* PKCS5.swift */ = {isa = PBXFileReference; fileEncoding = 4; lastKnownFileType = sourcecode.swift; path = PKCS5.swift; sourceTree = "<group>"; };
		18B5DE15274B95050080221D /* BlockMode.swift */ = {isa = PBXFileReference; fileEncoding = 4; lastKnownFileType = sourcecode.swift; path = BlockMode.swift; sourceTree = "<group>"; };
		18B5DE16274B95050080221D /* Rabbit.swift */ = {isa = PBXFileReference; fileEncoding = 4; lastKnownFileType = sourcecode.swift; path = Rabbit.swift; sourceTree = "<group>"; };
		18B5DE17274B95050080221D /* PKCS7.swift */ = {isa = PBXFileReference; fileEncoding = 4; lastKnownFileType = sourcecode.swift; path = PKCS7.swift; sourceTree = "<group>"; };
		18B5DE18274B95050080221D /* SHA1.swift */ = {isa = PBXFileReference; fileEncoding = 4; lastKnownFileType = sourcecode.swift; path = SHA1.swift; sourceTree = "<group>"; };
		18B5DE19274B95050080221D /* Poly1305.swift */ = {isa = PBXFileReference; fileEncoding = 4; lastKnownFileType = sourcecode.swift; path = Poly1305.swift; sourceTree = "<group>"; };
		18B5DE1A274B95050080221D /* BlockCipher.swift */ = {isa = PBXFileReference; fileEncoding = 4; lastKnownFileType = sourcecode.swift; path = BlockCipher.swift; sourceTree = "<group>"; };
		18B5DE1B274B95050080221D /* GCM.swift */ = {isa = PBXFileReference; fileEncoding = 4; lastKnownFileType = sourcecode.swift; path = GCM.swift; sourceTree = "<group>"; };
		18B5DE1C274B95050080221D /* Updatable.swift */ = {isa = PBXFileReference; fileEncoding = 4; lastKnownFileType = sourcecode.swift; path = Updatable.swift; sourceTree = "<group>"; };
		18B5DE1D274B95050080221D /* PBKDF2.swift */ = {isa = PBXFileReference; fileEncoding = 4; lastKnownFileType = sourcecode.swift; path = PBKDF2.swift; sourceTree = "<group>"; };
		18B5DE1E274B95050080221D /* Blowfish.swift */ = {isa = PBXFileReference; fileEncoding = 4; lastKnownFileType = sourcecode.swift; path = Blowfish.swift; sourceTree = "<group>"; };
		18B5DE1F274B95050080221D /* BlockDecryptor.swift */ = {isa = PBXFileReference; fileEncoding = 4; lastKnownFileType = sourcecode.swift; path = BlockDecryptor.swift; sourceTree = "<group>"; };
		18B5DE20274B95050080221D /* HMAC+Foundation.swift */ = {isa = PBXFileReference; fileEncoding = 4; lastKnownFileType = sourcecode.swift; path = "HMAC+Foundation.swift"; sourceTree = "<group>"; };
		18B5DE21274B95050080221D /* StreamEncryptor.swift */ = {isa = PBXFileReference; fileEncoding = 4; lastKnownFileType = sourcecode.swift; path = StreamEncryptor.swift; sourceTree = "<group>"; };
		18B5DE22274B95050080221D /* CipherModeWorker.swift */ = {isa = PBXFileReference; fileEncoding = 4; lastKnownFileType = sourcecode.swift; path = CipherModeWorker.swift; sourceTree = "<group>"; };
		18B5DE23274B95050080221D /* Data+Extension.swift */ = {isa = PBXFileReference; fileEncoding = 4; lastKnownFileType = sourcecode.swift; path = "Data+Extension.swift"; sourceTree = "<group>"; };
		18B5DE24274B95050080221D /* DigestType.swift */ = {isa = PBXFileReference; fileEncoding = 4; lastKnownFileType = sourcecode.swift; path = DigestType.swift; sourceTree = "<group>"; };
		18B5DE25274B95050080221D /* ChaCha20+Foundation.swift */ = {isa = PBXFileReference; fileEncoding = 4; lastKnownFileType = sourcecode.swift; path = "ChaCha20+Foundation.swift"; sourceTree = "<group>"; };
		18B5DE26274B95050080221D /* Utils.swift */ = {isa = PBXFileReference; fileEncoding = 4; lastKnownFileType = sourcecode.swift; path = Utils.swift; sourceTree = "<group>"; };
		18B5DE27274B95050080221D /* CTR.swift */ = {isa = PBXFileReference; fileEncoding = 4; lastKnownFileType = sourcecode.swift; path = CTR.swift; sourceTree = "<group>"; };
		18B5DE28274B95050080221D /* AEADChaCha20Poly1305.swift */ = {isa = PBXFileReference; fileEncoding = 4; lastKnownFileType = sourcecode.swift; path = AEADChaCha20Poly1305.swift; sourceTree = "<group>"; };
		18B5DE29274B95050080221D /* Generics.swift */ = {isa = PBXFileReference; fileEncoding = 4; lastKnownFileType = sourcecode.swift; path = Generics.swift; sourceTree = "<group>"; };
		18B5DE2A274B95050080221D /* Checksum.swift */ = {isa = PBXFileReference; fileEncoding = 4; lastKnownFileType = sourcecode.swift; path = Checksum.swift; sourceTree = "<group>"; };
		18B5DE2B274B95050080221D /* SHA2.swift */ = {isa = PBXFileReference; fileEncoding = 4; lastKnownFileType = sourcecode.swift; path = SHA2.swift; sourceTree = "<group>"; };
		18B5DE2C274B95050080221D /* Padding.swift */ = {isa = PBXFileReference; fileEncoding = 4; lastKnownFileType = sourcecode.swift; path = Padding.swift; sourceTree = "<group>"; };
		18B5DE2D274B95050080221D /* AEAD.swift */ = {isa = PBXFileReference; fileEncoding = 4; lastKnownFileType = sourcecode.swift; path = AEAD.swift; sourceTree = "<group>"; };
		18B5DE2E274B95050080221D /* Array+Foundation.swift */ = {isa = PBXFileReference; fileEncoding = 4; lastKnownFileType = sourcecode.swift; path = "Array+Foundation.swift"; sourceTree = "<group>"; };
		18B5DE2F274B95050080221D /* PBKDF1.swift */ = {isa = PBXFileReference; fileEncoding = 4; lastKnownFileType = sourcecode.swift; path = PBKDF1.swift; sourceTree = "<group>"; };
		18B5DE30274B95050080221D /* ChaCha20.swift */ = {isa = PBXFileReference; fileEncoding = 4; lastKnownFileType = sourcecode.swift; path = ChaCha20.swift; sourceTree = "<group>"; };
		18B5DE31274B95050080221D /* AES+Foundation.swift */ = {isa = PBXFileReference; fileEncoding = 4; lastKnownFileType = sourcecode.swift; path = "AES+Foundation.swift"; sourceTree = "<group>"; };
		18B5DE32274B95050080221D /* Rabbit+Foundation.swift */ = {isa = PBXFileReference; fileEncoding = 4; lastKnownFileType = sourcecode.swift; path = "Rabbit+Foundation.swift"; sourceTree = "<group>"; };
		18B5DE33274B95050080221D /* OFB.swift */ = {isa = PBXFileReference; fileEncoding = 4; lastKnownFileType = sourcecode.swift; path = OFB.swift; sourceTree = "<group>"; };
		18B5DE34274B95050080221D /* Array+Extension.swift */ = {isa = PBXFileReference; fileEncoding = 4; lastKnownFileType = sourcecode.swift; path = "Array+Extension.swift"; sourceTree = "<group>"; };
		18B5DE8E274BA0400080221D /* InstructionDataSign.swift */ = {isa = PBXFileReference; fileEncoding = 4; lastKnownFileType = sourcecode.swift; path = InstructionDataSign.swift; sourceTree = "<group>"; };
		18B5DE90274BA0BA0080221D /* DecryptKey.swift */ = {isa = PBXFileReference; fileEncoding = 4; lastKnownFileType = sourcecode.swift; path = DecryptKey.swift; sourceTree = "<group>"; };
		18B5DE91274BA0BA0080221D /* ConvertTool.swift */ = {isa = PBXFileReference; fileEncoding = 4; lastKnownFileType = sourcecode.swift; path = ConvertTool.swift; sourceTree = "<group>"; };
		18B5DE92274BA0BA0080221D /* GenerateOtp.swift */ = {isa = PBXFileReference; fileEncoding = 4; lastKnownFileType = sourcecode.swift; path = GenerateOtp.swift; sourceTree = "<group>"; };
		18B5DE93274BA0BA0080221D /* ExtensionFunction.swift */ = {isa = PBXFileReference; fileEncoding = 4; lastKnownFileType = sourcecode.swift; path = ExtensionFunction.swift; sourceTree = "<group>"; };
		18B5DE98274BA0FB0080221D /* SignValueVerify.swift */ = {isa = PBXFileReference; fileEncoding = 4; lastKnownFileType = sourcecode.swift; path = SignValueVerify.swift; sourceTree = "<group>"; };
		18B5DE99274BA0FB0080221D /* QRcodeGenerate.swift */ = {isa = PBXFileReference; fileEncoding = 4; lastKnownFileType = sourcecode.swift; path = QRcodeGenerate.swift; sourceTree = "<group>"; };
		18B5DE9A274BA0FC0080221D /* StoreModel.swift */ = {isa = PBXFileReference; fileEncoding = 4; lastKnownFileType = sourcecode.swift; path = StoreModel.swift; sourceTree = "<group>"; };
		18B5DE9B274BA0FC0080221D /* SaveHMACSKeyInLocal.swift */ = {isa = PBXFileReference; fileEncoding = 4; lastKnownFileType = sourcecode.swift; path = SaveHMACSKeyInLocal.swift; sourceTree = "<group>"; };
/* End PBXFileReference section */

/* Begin PBXFrameworksBuildPhase section */
		18B5DDB7274B93A10080221D /* Frameworks */ = {
			isa = PBXFrameworksBuildPhase;
			buildActionMask = 2147483647;
			files = (
			);
			runOnlyForDeploymentPostprocessing = 0;
		};
		18B5DDBF274B93A20080221D /* Frameworks */ = {
			isa = PBXFrameworksBuildPhase;
			buildActionMask = 2147483647;
			files = (
				18B5DDC3274B93A20080221D /* MagicTool.framework in Frameworks */,
			);
			runOnlyForDeploymentPostprocessing = 0;
		};
/* End PBXFrameworksBuildPhase section */

/* Begin PBXGroup section */
		18B5DDB0274B93A10080221D = {
			isa = PBXGroup;
			children = (
				18B5DDBC274B93A10080221D /* MagicTool */,
				18B5DDC6274B93A20080221D /* MagicToolTests */,
				18B5DDBB274B93A10080221D /* Products */,
			);
			sourceTree = "<group>";
		};
		18B5DDBB274B93A10080221D /* Products */ = {
			isa = PBXGroup;
			children = (
				18B5DDBA274B93A10080221D /* MagicTool.framework */,
				18B5DDC2274B93A20080221D /* MagicToolTests.xctest */,
			);
			name = Products;
			sourceTree = "<group>";
		};
		18B5DDBC274B93A10080221D /* MagicTool */ = {
			isa = PBXGroup;
			children = (
				18B5DE99274BA0FB0080221D /* QRcodeGenerate.swift */,
				18B5DE9B274BA0FC0080221D /* SaveHMACSKeyInLocal.swift */,
				18B5DE98274BA0FB0080221D /* SignValueVerify.swift */,
				18B5DE9A274BA0FC0080221D /* StoreModel.swift */,
				18B5DE91274BA0BA0080221D /* ConvertTool.swift */,
				18B5DE90274BA0BA0080221D /* DecryptKey.swift */,
				18B5DE93274BA0BA0080221D /* ExtensionFunction.swift */,
				18B5DE92274BA0BA0080221D /* GenerateOtp.swift */,
				18B5DE8E274BA0400080221D /* InstructionDataSign.swift */,
				18B5DDDA274B95050080221D /* BlueECC */,
				18B5DDE7274B95050080221D /* CryptoSwift */,
				18B5DDD8274B94DF0080221D /* LocalStorage.swift */,
				18B5DDD6274B94CA0080221D /* MoneyBag.swift */,
				18B5DDBD274B93A10080221D /* MagicTool.h */,
				18B5DDD2274B94080080221D /* MagicTool.swift */,
				18B5DDD4274B945D0080221D /* PublicKeyGenerator.swift */,
			);
			path = MagicTool;
			sourceTree = "<group>";
		};
		18B5DDC6274B93A20080221D /* MagicToolTests */ = {
			isa = PBXGroup;
			children = (
				18B5DDC7274B93A20080221D /* MagicToolTests.swift */,
			);
			path = MagicToolTests;
			sourceTree = "<group>";
		};
		18B5DDDA274B95050080221D /* BlueECC */ = {
			isa = PBXGroup;
			children = (
				18B5DDDB274B95050080221D /* EllipticCurve.swift */,
				18B5DDDC274B95050080221D /* ECPublicKey.swift */,
				18B5DDDD274B95050080221D /* SwiftCrypto.swift */,
				18B5DDDE274B95050080221D /* ECSignable.swift */,
				18B5DDDF274B95050080221D /* SSLPointerTricks.swift */,
				18B5DDE0274B95050080221D /* ECError.swift */,
				18B5DDE1274B95050080221D /* ECPrivateKey.swift */,
				18B5DDE2274B95050080221D /* ECDecryptable.swift */,
				18B5DDE3274B95050080221D /* Data+Extensions.swift */,
				18B5DDE4274B95050080221D /* ASN1.swift */,
				18B5DDE5274B95050080221D /* ECSignature.swift */,
				18B5DDE6274B95050080221D /* ECEncryptable.swift */,
			);
			path = BlueECC;
			sourceTree = "<group>";
		};
		18B5DDE7274B95050080221D /* CryptoSwift */ = {
			isa = PBXGroup;
			children = (
				18B5DDE8274B95050080221D /* AES.swift */,
				18B5DDE9274B95050080221D /* String+FoundationExtension.swift */,
				18B5DDEA274B95050080221D /* BlockModeOptions.swift */,
				18B5DDEB274B95050080221D /* StreamDecryptor.swift */,
				18B5DDEC274B95050080221D /* BlockEncryptor.swift */,
				18B5DDED274B95050080221D /* OCB.swift */,
				18B5DDEE274B95050080221D /* UInt64+Extension.swift */,
				18B5DDEF274B95050080221D /* Cryptors.swift */,
				18B5DDF0274B95050080221D /* HKDF.swift */,
				18B5DDF1274B95050080221D /* PKCS7Padding.swift */,
				18B5DDF2274B95050080221D /* CFB.swift */,
				18B5DDF3274B95050080221D /* ISO10126Padding.swift */,
				18B5DDF4274B95050080221D /* Cipher.swift */,
				18B5DDF5274B95050080221D /* CBCMAC.swift */,
				18B5DDF6274B95050080221D /* Int+Extension.swift */,
				18B5DDF7274B95050080221D /* AES.Cryptors.swift */,
				18B5DDF8274B95050080221D /* Bit.swift */,
				18B5DDF9274B95050080221D /* HMAC.swift */,
				18B5DDFA274B95050080221D /* CBC.swift */,
				18B5DDFB274B95050080221D /* CMAC.swift */,
				18B5DDFC274B95050080221D /* UInt16+Extension.swift */,
				18B5DDFD274B95050080221D /* Collection+Extension.swift */,
				18B5DDFE274B95050080221D /* UInt32+Extension.swift */,
				18B5DDFF274B95050080221D /* Digest.swift */,
				18B5DE00274B95050080221D /* UInt128.swift */,
				18B5DE01274B95050080221D /* ECB.swift */,
				18B5DE02274B95050080221D /* CCM.swift */,
				18B5DE03274B95050080221D /* Scrypt.swift */,
				18B5DE04274B95050080221D /* PCBC.swift */,
				18B5DE05274B95050080221D /* NoPadding.swift */,
				18B5DE06274B95050080221D /* UInt8+Extension.swift */,
				18B5DE07274B95050080221D /* MD5.swift */,
				18B5DE08274B95050080221D /* Cryptor.swift */,
				18B5DE09274B95050080221D /* CompactMap.swift */,
				18B5DE0A274B95050080221D /* BatchedCollection.swift */,
				18B5DE0B274B95050080221D /* Blowfish+Foundation.swift */,
				18B5DE0C274B95050080221D /* ISO78164Padding.swift */,
				18B5DE0D274B95050080221D /* SecureBytes.swift */,
				18B5DE0E274B95050080221D /* ZeroPadding.swift */,
				18B5DE0F274B95050080221D /* String+Extension.swift */,
				18B5DE10274B95050080221D /* Authenticator.swift */,
				18B5DE11274B95050080221D /* SHA3.swift */,
				18B5DE12274B95050080221D /* Operators.swift */,
				18B5DE13274B95050080221D /* Utils+Foundation.swift */,
				18B5DE14274B95050080221D /* PKCS5.swift */,
				18B5DE15274B95050080221D /* BlockMode.swift */,
				18B5DE16274B95050080221D /* Rabbit.swift */,
				18B5DE17274B95050080221D /* PKCS7.swift */,
				18B5DE18274B95050080221D /* SHA1.swift */,
				18B5DE19274B95050080221D /* Poly1305.swift */,
				18B5DE1A274B95050080221D /* BlockCipher.swift */,
				18B5DE1B274B95050080221D /* GCM.swift */,
				18B5DE1C274B95050080221D /* Updatable.swift */,
				18B5DE1D274B95050080221D /* PBKDF2.swift */,
				18B5DE1E274B95050080221D /* Blowfish.swift */,
				18B5DE1F274B95050080221D /* BlockDecryptor.swift */,
				18B5DE20274B95050080221D /* HMAC+Foundation.swift */,
				18B5DE21274B95050080221D /* StreamEncryptor.swift */,
				18B5DE22274B95050080221D /* CipherModeWorker.swift */,
				18B5DE23274B95050080221D /* Data+Extension.swift */,
				18B5DE24274B95050080221D /* DigestType.swift */,
				18B5DE25274B95050080221D /* ChaCha20+Foundation.swift */,
				18B5DE26274B95050080221D /* Utils.swift */,
				18B5DE27274B95050080221D /* CTR.swift */,
				18B5DE28274B95050080221D /* AEADChaCha20Poly1305.swift */,
				18B5DE29274B95050080221D /* Generics.swift */,
				18B5DE2A274B95050080221D /* Checksum.swift */,
				18B5DE2B274B95050080221D /* SHA2.swift */,
				18B5DE2C274B95050080221D /* Padding.swift */,
				18B5DE2D274B95050080221D /* AEAD.swift */,
				18B5DE2E274B95050080221D /* Array+Foundation.swift */,
				18B5DE2F274B95050080221D /* PBKDF1.swift */,
				18B5DE30274B95050080221D /* ChaCha20.swift */,
				18B5DE31274B95050080221D /* AES+Foundation.swift */,
				18B5DE32274B95050080221D /* Rabbit+Foundation.swift */,
				18B5DE33274B95050080221D /* OFB.swift */,
				18B5DE34274B95050080221D /* Array+Extension.swift */,
			);
			path = CryptoSwift;
			sourceTree = "<group>";
		};
/* End PBXGroup section */

/* Begin PBXHeadersBuildPhase section */
		18B5DDB5274B93A10080221D /* Headers */ = {
			isa = PBXHeadersBuildPhase;
			buildActionMask = 2147483647;
			files = (
				18B5DDC9274B93A20080221D /* MagicTool.h in Headers */,
			);
			runOnlyForDeploymentPostprocessing = 0;
		};
/* End PBXHeadersBuildPhase section */

/* Begin PBXNativeTarget section */
		18B5DDB9274B93A10080221D /* MagicTool */ = {
			isa = PBXNativeTarget;
			buildConfigurationList = 18B5DDCC274B93A20080221D /* Build configuration list for PBXNativeTarget "MagicTool" */;
			buildPhases = (
				18B5DDB5274B93A10080221D /* Headers */,
				18B5DDB6274B93A10080221D /* Sources */,
				18B5DDB7274B93A10080221D /* Frameworks */,
				18B5DDB8274B93A10080221D /* Resources */,
			);
			buildRules = (
			);
			dependencies = (
			);
			name = MagicTool;
			productName = MagicTool;
			productReference = 18B5DDBA274B93A10080221D /* MagicTool.framework */;
			productType = "com.apple.product-type.framework";
		};
		18B5DDC1274B93A20080221D /* MagicToolTests */ = {
			isa = PBXNativeTarget;
			buildConfigurationList = 18B5DDCF274B93A20080221D /* Build configuration list for PBXNativeTarget "MagicToolTests" */;
			buildPhases = (
				18B5DDBE274B93A20080221D /* Sources */,
				18B5DDBF274B93A20080221D /* Frameworks */,
				18B5DDC0274B93A20080221D /* Resources */,
			);
			buildRules = (
			);
			dependencies = (
				18B5DDC5274B93A20080221D /* PBXTargetDependency */,
			);
			name = MagicToolTests;
			productName = MagicToolTests;
			productReference = 18B5DDC2274B93A20080221D /* MagicToolTests.xctest */;
			productType = "com.apple.product-type.bundle.unit-test";
		};
/* End PBXNativeTarget section */

/* Begin PBXProject section */
		18B5DDB1274B93A10080221D /* Project object */ = {
			isa = PBXProject;
			attributes = {
				BuildIndependentTargetsInParallel = 1;
				LastSwiftUpdateCheck = 1310;
				LastUpgradeCheck = 1310;
				TargetAttributes = {
					18B5DDB9274B93A10080221D = {
						CreatedOnToolsVersion = 13.1;
						LastSwiftMigration = 1310;
					};
					18B5DDC1274B93A20080221D = {
						CreatedOnToolsVersion = 13.1;
					};
				};
			};
			buildConfigurationList = 18B5DDB4274B93A10080221D /* Build configuration list for PBXProject "MagicTool" */;
			compatibilityVersion = "Xcode 13.0";
			developmentRegion = en;
			hasScannedForEncodings = 0;
			knownRegions = (
				en,
				Base,
			);
			mainGroup = 18B5DDB0274B93A10080221D;
			productRefGroup = 18B5DDBB274B93A10080221D /* Products */;
			projectDirPath = "";
			projectRoot = "";
			targets = (
				18B5DDB9274B93A10080221D /* MagicTool */,
				18B5DDC1274B93A20080221D /* MagicToolTests */,
			);
		};
/* End PBXProject section */

/* Begin PBXResourcesBuildPhase section */
		18B5DDB8274B93A10080221D /* Resources */ = {
			isa = PBXResourcesBuildPhase;
			buildActionMask = 2147483647;
			files = (
			);
			runOnlyForDeploymentPostprocessing = 0;
		};
		18B5DDC0274B93A20080221D /* Resources */ = {
			isa = PBXResourcesBuildPhase;
			buildActionMask = 2147483647;
			files = (
			);
			runOnlyForDeploymentPostprocessing = 0;
		};
/* End PBXResourcesBuildPhase section */

/* Begin PBXSourcesBuildPhase section */
		18B5DDB6274B93A10080221D /* Sources */ = {
			isa = PBXSourcesBuildPhase;
			buildActionMask = 2147483647;
			files = (
				18B5DE72274B95050080221D /* Poly1305.swift in Sources */,
				18B5DE5F274B95050080221D /* UInt8+Extension.swift in Sources */,
				18B5DE86274B95050080221D /* AEAD.swift in Sources */,
				18B5DE57274B95050080221D /* UInt32+Extension.swift in Sources */,
				18B5DE74274B95050080221D /* GCM.swift in Sources */,
				18B5DE7A274B95050080221D /* StreamEncryptor.swift in Sources */,
				18B5DE63274B95050080221D /* BatchedCollection.swift in Sources */,
				18B5DE4C274B95050080221D /* ISO10126Padding.swift in Sources */,
				18B5DE6B274B95050080221D /* Operators.swift in Sources */,
				18B5DE9C274BA0FC0080221D /* SignValueVerify.swift in Sources */,
				18B5DE8D274B95050080221D /* Array+Extension.swift in Sources */,
				18B5DE66274B95050080221D /* SecureBytes.swift in Sources */,
				18B5DE64274B95050080221D /* Blowfish+Foundation.swift in Sources */,
				18B5DE38274B95050080221D /* ECSignable.swift in Sources */,
				18B5DDD5274B945D0080221D /* PublicKeyGenerator.swift in Sources */,
				18B5DE9E274BA0FC0080221D /* StoreModel.swift in Sources */,
				18B5DE68274B95050080221D /* String+Extension.swift in Sources */,
				18B5DE8A274B95050080221D /* AES+Foundation.swift in Sources */,
				18B5DE94274BA0BA0080221D /* DecryptKey.swift in Sources */,
				18B5DE5C274B95050080221D /* Scrypt.swift in Sources */,
				18B5DE3A274B95050080221D /* ECError.swift in Sources */,
				18B5DE49274B95050080221D /* HKDF.swift in Sources */,
				18B5DE85274B95050080221D /* Padding.swift in Sources */,
				18B5DDD9274B94DF0080221D /* LocalStorage.swift in Sources */,
				18B5DE70274B95050080221D /* PKCS7.swift in Sources */,
				18B5DE44274B95050080221D /* StreamDecryptor.swift in Sources */,
				18B5DE4F274B95050080221D /* Int+Extension.swift in Sources */,
				18B5DE61274B95050080221D /* Cryptor.swift in Sources */,
				18B5DE5E274B95050080221D /* NoPadding.swift in Sources */,
				18B5DE3F274B95050080221D /* ECSignature.swift in Sources */,
				18B5DE82274B95050080221D /* Generics.swift in Sources */,
				18B5DE5A274B95050080221D /* ECB.swift in Sources */,
				18B5DE3E274B95050080221D /* ASN1.swift in Sources */,
				18B5DE69274B95050080221D /* Authenticator.swift in Sources */,
				18B5DE65274B95050080221D /* ISO78164Padding.swift in Sources */,
				18B5DE4A274B95050080221D /* PKCS7Padding.swift in Sources */,
				18B5DE87274B95050080221D /* Array+Foundation.swift in Sources */,
				18B5DE97274BA0BA0080221D /* ExtensionFunction.swift in Sources */,
				18B5DE6C274B95050080221D /* Utils+Foundation.swift in Sources */,
				18B5DE56274B95050080221D /* Collection+Extension.swift in Sources */,
				18B5DE6E274B95050080221D /* BlockMode.swift in Sources */,
				18B5DE6D274B95050080221D /* PKCS5.swift in Sources */,
				18B5DE37274B95050080221D /* SwiftCrypto.swift in Sources */,
				18B5DE46274B95050080221D /* OCB.swift in Sources */,
				18B5DE73274B95050080221D /* BlockCipher.swift in Sources */,
				18B5DE88274B95050080221D /* PBKDF1.swift in Sources */,
				18B5DE95274BA0BA0080221D /* ConvertTool.swift in Sources */,
				18B5DE76274B95050080221D /* PBKDF2.swift in Sources */,
				18B5DE83274B95050080221D /* Checksum.swift in Sources */,
				18B5DE3C274B95050080221D /* ECDecryptable.swift in Sources */,
				18B5DE6F274B95050080221D /* Rabbit.swift in Sources */,
				18B5DE7E274B95050080221D /* ChaCha20+Foundation.swift in Sources */,
				18B5DE45274B95050080221D /* BlockEncryptor.swift in Sources */,
				18B5DE96274BA0BA0080221D /* GenerateOtp.swift in Sources */,
				18B5DE78274B95050080221D /* BlockDecryptor.swift in Sources */,
				18B5DE4E274B95050080221D /* CBCMAC.swift in Sources */,
				18B5DE71274B95050080221D /* SHA1.swift in Sources */,
				18B5DDD7274B94CA0080221D /* MoneyBag.swift in Sources */,
				18B5DE7F274B95050080221D /* Utils.swift in Sources */,
				18B5DE4B274B95050080221D /* CFB.swift in Sources */,
				18B5DE81274B95050080221D /* AEADChaCha20Poly1305.swift in Sources */,
				18B5DE3D274B95050080221D /* Data+Extensions.swift in Sources */,
				18B5DE79274B95050080221D /* HMAC+Foundation.swift in Sources */,
				18B5DE39274B95050080221D /* SSLPointerTricks.swift in Sources */,
				18B5DE60274B95050080221D /* MD5.swift in Sources */,
				18B5DE59274B95050080221D /* UInt128.swift in Sources */,
				18B5DE3B274B95050080221D /* ECPrivateKey.swift in Sources */,
				18B5DE42274B95050080221D /* String+FoundationExtension.swift in Sources */,
				18B5DE5D274B95050080221D /* PCBC.swift in Sources */,
				18B5DE75274B95050080221D /* Updatable.swift in Sources */,
				18B5DE6A274B95050080221D /* SHA3.swift in Sources */,
				18B5DE52274B95050080221D /* HMAC.swift in Sources */,
				18B5DE67274B95050080221D /* ZeroPadding.swift in Sources */,
				18B5DE51274B95050080221D /* Bit.swift in Sources */,
				18B5DE4D274B95050080221D /* Cipher.swift in Sources */,
				18B5DE54274B95050080221D /* CMAC.swift in Sources */,
				18B5DDD3274B94080080221D /* MagicTool.swift in Sources */,
				18B5DE55274B95050080221D /* UInt16+Extension.swift in Sources */,
				18B5DE36274B95050080221D /* ECPublicKey.swift in Sources */,
				18B5DE7B274B95050080221D /* CipherModeWorker.swift in Sources */,
				18B5DE77274B95050080221D /* Blowfish.swift in Sources */,
				18B5DE58274B95050080221D /* Digest.swift in Sources */,
				18B5DE41274B95050080221D /* AES.swift in Sources */,
				18B5DE84274B95050080221D /* SHA2.swift in Sources */,
				18B5DE7D274B95050080221D /* DigestType.swift in Sources */,
				18B5DE8B274B95050080221D /* Rabbit+Foundation.swift in Sources */,
				18B5DE8C274B95050080221D /* OFB.swift in Sources */,
				18B5DE50274B95050080221D /* AES.Cryptors.swift in Sources */,
				18B5DE35274B95050080221D /* EllipticCurve.swift in Sources */,
				18B5DE9D274BA0FC0080221D /* QRcodeGenerate.swift in Sources */,
				18B5DE40274B95050080221D /* ECEncryptable.swift in Sources */,
				18B5DE7C274B95050080221D /* Data+Extension.swift in Sources */,
				18B5DE47274B95050080221D /* UInt64+Extension.swift in Sources */,
				18B5DE5B274B95050080221D /* CCM.swift in Sources */,
				18B5DE62274B95050080221D /* CompactMap.swift in Sources */,
				18B5DE43274B95050080221D /* BlockModeOptions.swift in Sources */,
				18B5DE8F274BA0400080221D /* InstructionDataSign.swift in Sources */,
				18B5DE89274B95050080221D /* ChaCha20.swift in Sources */,
				18B5DE9F274BA0FC0080221D /* SaveHMACSKeyInLocal.swift in Sources */,
				18B5DE80274B95050080221D /* CTR.swift in Sources */,
				18B5DE53274B95050080221D /* CBC.swift in Sources */,
				18B5DE48274B95050080221D /* Cryptors.swift in Sources */,
			);
			runOnlyForDeploymentPostprocessing = 0;
		};
		18B5DDBE274B93A20080221D /* Sources */ = {
			isa = PBXSourcesBuildPhase;
			buildActionMask = 2147483647;
			files = (
				18B5DDC8274B93A20080221D /* MagicToolTests.swift in Sources */,
			);
			runOnlyForDeploymentPostprocessing = 0;
		};
/* End PBXSourcesBuildPhase section */

/* Begin PBXTargetDependency section */
		18B5DDC5274B93A20080221D /* PBXTargetDependency */ = {
			isa = PBXTargetDependency;
			target = 18B5DDB9274B93A10080221D /* MagicTool */;
			targetProxy = 18B5DDC4274B93A20080221D /* PBXContainerItemProxy */;
		};
/* End PBXTargetDependency section */

/* Begin XCBuildConfiguration section */
		18B5DDCA274B93A20080221D /* Debug */ = {
			isa = XCBuildConfiguration;
			buildSettings = {
				ALWAYS_SEARCH_USER_PATHS = NO;
				CLANG_ANALYZER_NONNULL = YES;
				CLANG_ANALYZER_NUMBER_OBJECT_CONVERSION = YES_AGGRESSIVE;
				CLANG_CXX_LANGUAGE_STANDARD = "gnu++17";
				CLANG_CXX_LIBRARY = "libc++";
				CLANG_ENABLE_MODULES = YES;
				CLANG_ENABLE_OBJC_ARC = YES;
				CLANG_ENABLE_OBJC_WEAK = YES;
				CLANG_WARN_BLOCK_CAPTURE_AUTORELEASING = YES;
				CLANG_WARN_BOOL_CONVERSION = YES;
				CLANG_WARN_COMMA = YES;
				CLANG_WARN_CONSTANT_CONVERSION = YES;
				CLANG_WARN_DEPRECATED_OBJC_IMPLEMENTATIONS = YES;
				CLANG_WARN_DIRECT_OBJC_ISA_USAGE = YES_ERROR;
				CLANG_WARN_DOCUMENTATION_COMMENTS = YES;
				CLANG_WARN_EMPTY_BODY = YES;
				CLANG_WARN_ENUM_CONVERSION = YES;
				CLANG_WARN_INFINITE_RECURSION = YES;
				CLANG_WARN_INT_CONVERSION = YES;
				CLANG_WARN_NON_LITERAL_NULL_CONVERSION = YES;
				CLANG_WARN_OBJC_IMPLICIT_RETAIN_SELF = YES;
				CLANG_WARN_OBJC_LITERAL_CONVERSION = YES;
				CLANG_WARN_OBJC_ROOT_CLASS = YES_ERROR;
				CLANG_WARN_QUOTED_INCLUDE_IN_FRAMEWORK_HEADER = YES;
				CLANG_WARN_RANGE_LOOP_ANALYSIS = YES;
				CLANG_WARN_STRICT_PROTOTYPES = YES;
				CLANG_WARN_SUSPICIOUS_MOVE = YES;
				CLANG_WARN_UNGUARDED_AVAILABILITY = YES_AGGRESSIVE;
				CLANG_WARN_UNREACHABLE_CODE = YES;
				CLANG_WARN__DUPLICATE_METHOD_MATCH = YES;
				COPY_PHASE_STRIP = NO;
				CURRENT_PROJECT_VERSION = 1;
				DEBUG_INFORMATION_FORMAT = dwarf;
				ENABLE_STRICT_OBJC_MSGSEND = YES;
				ENABLE_TESTABILITY = YES;
				GCC_C_LANGUAGE_STANDARD = gnu11;
				GCC_DYNAMIC_NO_PIC = NO;
				GCC_NO_COMMON_BLOCKS = YES;
				GCC_OPTIMIZATION_LEVEL = 0;
				GCC_PREPROCESSOR_DEFINITIONS = (
					"DEBUG=1",
					"$(inherited)",
				);
				GCC_WARN_64_TO_32_BIT_CONVERSION = YES;
				GCC_WARN_ABOUT_RETURN_TYPE = YES_ERROR;
				GCC_WARN_UNDECLARED_SELECTOR = YES;
				GCC_WARN_UNINITIALIZED_AUTOS = YES_AGGRESSIVE;
				GCC_WARN_UNUSED_FUNCTION = YES;
				GCC_WARN_UNUSED_VARIABLE = YES;
				IPHONEOS_DEPLOYMENT_TARGET = 11.0;
				MTL_ENABLE_DEBUG_INFO = INCLUDE_SOURCE;
				MTL_FAST_MATH = YES;
				ONLY_ACTIVE_ARCH = YES;
				SDKROOT = iphoneos;
				SWIFT_ACTIVE_COMPILATION_CONDITIONS = DEBUG;
				SWIFT_OPTIMIZATION_LEVEL = "-Onone";
				VERSIONING_SYSTEM = "apple-generic";
				VERSION_INFO_PREFIX = "";
			};
			name = Debug;
		};
		18B5DDCB274B93A20080221D /* Release */ = {
			isa = XCBuildConfiguration;
			buildSettings = {
				ALWAYS_SEARCH_USER_PATHS = NO;
				CLANG_ANALYZER_NONNULL = YES;
				CLANG_ANALYZER_NUMBER_OBJECT_CONVERSION = YES_AGGRESSIVE;
				CLANG_CXX_LANGUAGE_STANDARD = "gnu++17";
				CLANG_CXX_LIBRARY = "libc++";
				CLANG_ENABLE_MODULES = YES;
				CLANG_ENABLE_OBJC_ARC = YES;
				CLANG_ENABLE_OBJC_WEAK = YES;
				CLANG_WARN_BLOCK_CAPTURE_AUTORELEASING = YES;
				CLANG_WARN_BOOL_CONVERSION = YES;
				CLANG_WARN_COMMA = YES;
				CLANG_WARN_CONSTANT_CONVERSION = YES;
				CLANG_WARN_DEPRECATED_OBJC_IMPLEMENTATIONS = YES;
				CLANG_WARN_DIRECT_OBJC_ISA_USAGE = YES_ERROR;
				CLANG_WARN_DOCUMENTATION_COMMENTS = YES;
				CLANG_WARN_EMPTY_BODY = YES;
				CLANG_WARN_ENUM_CONVERSION = YES;
				CLANG_WARN_INFINITE_RECURSION = YES;
				CLANG_WARN_INT_CONVERSION = YES;
				CLANG_WARN_NON_LITERAL_NULL_CONVERSION = YES;
				CLANG_WARN_OBJC_IMPLICIT_RETAIN_SELF = YES;
				CLANG_WARN_OBJC_LITERAL_CONVERSION = YES;
				CLANG_WARN_OBJC_ROOT_CLASS = YES_ERROR;
				CLANG_WARN_QUOTED_INCLUDE_IN_FRAMEWORK_HEADER = YES;
				CLANG_WARN_RANGE_LOOP_ANALYSIS = YES;
				CLANG_WARN_STRICT_PROTOTYPES = YES;
				CLANG_WARN_SUSPICIOUS_MOVE = YES;
				CLANG_WARN_UNGUARDED_AVAILABILITY = YES_AGGRESSIVE;
				CLANG_WARN_UNREACHABLE_CODE = YES;
				CLANG_WARN__DUPLICATE_METHOD_MATCH = YES;
				COPY_PHASE_STRIP = NO;
				CURRENT_PROJECT_VERSION = 1;
				DEBUG_INFORMATION_FORMAT = "dwarf-with-dsym";
				ENABLE_NS_ASSERTIONS = NO;
				ENABLE_STRICT_OBJC_MSGSEND = YES;
				GCC_C_LANGUAGE_STANDARD = gnu11;
				GCC_NO_COMMON_BLOCKS = YES;
				GCC_WARN_64_TO_32_BIT_CONVERSION = YES;
				GCC_WARN_ABOUT_RETURN_TYPE = YES_ERROR;
				GCC_WARN_UNDECLARED_SELECTOR = YES;
				GCC_WARN_UNINITIALIZED_AUTOS = YES_AGGRESSIVE;
				GCC_WARN_UNUSED_FUNCTION = YES;
				GCC_WARN_UNUSED_VARIABLE = YES;
				IPHONEOS_DEPLOYMENT_TARGET = 11.0;
				MTL_ENABLE_DEBUG_INFO = NO;
				MTL_FAST_MATH = YES;
				SDKROOT = iphoneos;
				SWIFT_COMPILATION_MODE = wholemodule;
				SWIFT_OPTIMIZATION_LEVEL = "-O";
				VALIDATE_PRODUCT = YES;
				VERSIONING_SYSTEM = "apple-generic";
				VERSION_INFO_PREFIX = "";
			};
			name = Release;
		};
		18B5DDCD274B93A20080221D /* Debug */ = {
			isa = XCBuildConfiguration;
			buildSettings = {
				CLANG_ENABLE_MODULES = YES;
				CODE_SIGN_STYLE = Automatic;
				CURRENT_PROJECT_VERSION = 1;
				DEFINES_MODULE = YES;
				DEVELOPMENT_TEAM = AKJX57Q8X8;
				DYLIB_COMPATIBILITY_VERSION = 1;
				DYLIB_CURRENT_VERSION = 1;
				DYLIB_INSTALL_NAME_BASE = "@rpath";
				ENABLE_BITCODE = NO;
				GENERATE_INFOPLIST_FILE = YES;
				INFOPLIST_KEY_NSHumanReadableCopyright = "";
				INSTALL_PATH = "$(LOCAL_LIBRARY_DIR)/Frameworks";
				LD_RUNPATH_SEARCH_PATHS = (
					"$(inherited)",
					"@executable_path/Frameworks",
					"@loader_path/Frameworks",
				);
				MARKETING_VERSION = 1.0;
				PRODUCT_BUNDLE_IDENTIFIER = tpisoftware.MagicTool.MagicTool;
				PRODUCT_NAME = "$(TARGET_NAME:c99extidentifier)";
				SKIP_INSTALL = YES;
				SWIFT_EMIT_LOC_STRINGS = YES;
				SWIFT_OPTIMIZATION_LEVEL = "-Onone";
				SWIFT_VERSION = 5.0;
				TARGETED_DEVICE_FAMILY = "1,2";
			};
			name = Debug;
		};
		18B5DDCE274B93A20080221D /* Release */ = {
			isa = XCBuildConfiguration;
			buildSettings = {
				CLANG_ENABLE_MODULES = YES;
				CODE_SIGN_STYLE = Automatic;
				CURRENT_PROJECT_VERSION = 1;
				DEFINES_MODULE = YES;
				DEVELOPMENT_TEAM = AKJX57Q8X8;
				DYLIB_COMPATIBILITY_VERSION = 1;
				DYLIB_CURRENT_VERSION = 1;
				DYLIB_INSTALL_NAME_BASE = "@rpath";
				ENABLE_BITCODE = NO;
				GENERATE_INFOPLIST_FILE = YES;
				INFOPLIST_KEY_NSHumanReadableCopyright = "";
				INSTALL_PATH = "$(LOCAL_LIBRARY_DIR)/Frameworks";
				LD_RUNPATH_SEARCH_PATHS = (
					"$(inherited)",
					"@executable_path/Frameworks",
					"@loader_path/Frameworks",
				);
				MARKETING_VERSION = 1.0;
				PRODUCT_BUNDLE_IDENTIFIER = tpisoftware.MagicTool.MagicTool;
				PRODUCT_NAME = "$(TARGET_NAME:c99extidentifier)";
				SKIP_INSTALL = YES;
				SWIFT_EMIT_LOC_STRINGS = YES;
				SWIFT_VERSION = 5.0;
				TARGETED_DEVICE_FAMILY = "1,2";
			};
			name = Release;
		};
		18B5DDD0274B93A20080221D /* Debug */ = {
			isa = XCBuildConfiguration;
			buildSettings = {
				ALWAYS_EMBED_SWIFT_STANDARD_LIBRARIES = YES;
				CODE_SIGN_STYLE = Automatic;
				CURRENT_PROJECT_VERSION = 1;
				DEVELOPMENT_TEAM = AKJX57Q8X8;
				GENERATE_INFOPLIST_FILE = YES;
				LD_RUNPATH_SEARCH_PATHS = (
					"$(inherited)",
					"@executable_path/Frameworks",
					"@loader_path/Frameworks",
				);
				MARKETING_VERSION = 1.0;
				PRODUCT_BUNDLE_IDENTIFIER = tpisoftware.MagicTool.MagicToolTests;
				PRODUCT_NAME = "$(TARGET_NAME)";
				SWIFT_EMIT_LOC_STRINGS = NO;
				SWIFT_VERSION = 5.0;
				TARGETED_DEVICE_FAMILY = "1,2";
			};
			name = Debug;
		};
		18B5DDD1274B93A20080221D /* Release */ = {
			isa = XCBuildConfiguration;
			buildSettings = {
				ALWAYS_EMBED_SWIFT_STANDARD_LIBRARIES = YES;
				CODE_SIGN_STYLE = Automatic;
				CURRENT_PROJECT_VERSION = 1;
				DEVELOPMENT_TEAM = AKJX57Q8X8;
				GENERATE_INFOPLIST_FILE = YES;
				LD_RUNPATH_SEARCH_PATHS = (
					"$(inherited)",
					"@executable_path/Frameworks",
					"@loader_path/Frameworks",
				);
				MARKETING_VERSION = 1.0;
				PRODUCT_BUNDLE_IDENTIFIER = tpisoftware.MagicTool.MagicToolTests;
				PRODUCT_NAME = "$(TARGET_NAME)";
				SWIFT_EMIT_LOC_STRINGS = NO;
				SWIFT_VERSION = 5.0;
				TARGETED_DEVICE_FAMILY = "1,2";
			};
			name = Release;
		};
/* End XCBuildConfiguration section */

/* Begin XCConfigurationList section */
		18B5DDB4274B93A10080221D /* Build configuration list for PBXProject "MagicTool" */ = {
			isa = XCConfigurationList;
			buildConfigurations = (
				18B5DDCA274B93A20080221D /* Debug */,
				18B5DDCB274B93A20080221D /* Release */,
			);
			defaultConfigurationIsVisible = 0;
			defaultConfigurationName = Release;
		};
		18B5DDCC274B93A20080221D /* Build configuration list for PBXNativeTarget "MagicTool" */ = {
			isa = XCConfigurationList;
			buildConfigurations = (
				18B5DDCD274B93A20080221D /* Debug */,
				18B5DDCE274B93A20080221D /* Release */,
			);
			defaultConfigurationIsVisible = 0;
			defaultConfigurationName = Release;
		};
		18B5DDCF274B93A20080221D /* Build configuration list for PBXNativeTarget "MagicToolTests" */ = {
			isa = XCConfigurationList;
			buildConfigurations = (
				18B5DDD0274B93A20080221D /* Debug */,
				18B5DDD1274B93A20080221D /* Release */,
			);
			defaultConfigurationIsVisible = 0;
			defaultConfigurationName = Release;
		};
/* End XCConfigurationList section */
	};
	rootObject = 18B5DDB1274B93A10080221D /* Project object */;
}
